
Microsoft Visual Studio Solution File, Format Version 12.00
# Visual Studio Version 16
VisualStudioVersion = 16.0.30717.126
MinimumVisualStudioVersion = 10.0.40219.1
Project("{FAE04EC0-301F-11D3-BF4B-00C04F79EFBC}") = "VehicleManagement", "VehicleManagement\VehicleManagement.csproj", "{189BEEC7-A3E8-48A9-93DF-DBF024905EE0}"
EndProject
Project("{FAE04EC0-301F-11D3-BF4B-00C04F79EFBC}") = "VehicleService", "VehicleService\VehicleService.csproj", "{4CDF678D-2013-46F4-96D6-BF52DDB134B1}"
EndProject
Global
	GlobalSection(SolutionConfigurationPlatforms) = preSolution
		Debug|Any CPU = Debug|Any CPU
		Release|Any CPU = Release|Any CPU
	EndGlobalSection
	GlobalSection(ProjectConfigurationPlatforms) = postSolution
		{189BEEC7-A3E8-48A9-93DF-DBF024905EE0}.Debug|Any CPU.ActiveCfg = Debug|Any CPU
		{189BEEC7-A3E8-48A9-93DF-DBF024905EE0}.Debug|Any CPU.Build.0 = Debug|Any CPU
		{189BEEC7-A3E8-48A9-93DF-DBF024905EE0}.Release|Any CPU.ActiveCfg = Release|Any CPU
		{189BEEC7-A3E8-48A9-93DF-DBF024905EE0}.Release|Any CPU.Build.0 = Release|Any CPU
		{4CDF678D-2013-46F4-96D6-BF52DDB134B1}.Debug|Any CPU.ActiveCfg = Debug|Any CPU
		{4CDF678D-2013-46F4-96D6-BF52DDB134B1}.Debug|Any CPU.Build.0 = Debug|Any CPU
		{4CDF678D-2013-46F4-96D6-BF52DDB134B1}.Release|Any CPU.ActiveCfg = Release|Any CPU
		{4CDF678D-2013-46F4-96D6-BF52DDB134B1}.Release|Any CPU.Build.0 = Release|Any CPU
	EndGlobalSection
	GlobalSection(SolutionProperties) = preSolution
		HideSolutionNode = FALSE
	EndGlobalSection
	GlobalSection(ExtensibilityGlobals) = postSolution
		SolutionGuid = {DE07B4D6-DBD8-49B5-B1D4-27F0C939B4CD}
	EndGlobalSection
EndGlobal
